// !$*UTF8*$!
{
	archiveVersion = 1;
	classes = {
	};
	objectVersion = 48;
	objects = {

/* Begin PBXBuildFile section */
		E0200B0B1F9911A50063CE35 /* ViewControllerTrainingDate.swift in Sources */ = {isa = PBXBuildFile; fileRef = E0200B0A1F9911A50063CE35 /* ViewControllerTrainingDate.swift */; };
		E0292CA61F9CEBF600B9E1B8 /* ViewControllerWhatTime.swift in Sources */ = {isa = PBXBuildFile; fileRef = E0292CA51F9CEBF600B9E1B8 /* ViewControllerWhatTime.swift */; };
		E0292CA91F9D06D600B9E1B8 /* Model.xcdatamodeld in Sources */ = {isa = PBXBuildFile; fileRef = E0292CA71F9D06D600B9E1B8 /* Model.xcdatamodeld */; };
		E06D6F591F9AE85C0077CD8A /* Center.swift in Sources */ = {isa = PBXBuildFile; fileRef = E06D6F581F9AE85C0077CD8A /* Center.swift */; };
		E06D6F5B1F9B00FE0077CD8A /* ViewControllerEmpList.swift in Sources */ = {isa = PBXBuildFile; fileRef = E06D6F5A1F9B00FE0077CD8A /* ViewControllerEmpList.swift */; };
		E06D6F5E1F9B22FC0077CD8A /* TableViewCellEmpList.swift in Sources */ = {isa = PBXBuildFile; fileRef = E06D6F5C1F9B22FC0077CD8A /* TableViewCellEmpList.swift */; };
		E06D6F5F1F9B22FC0077CD8A /* TableViewCellEmpList.xib in Resources */ = {isa = PBXBuildFile; fileRef = E06D6F5D1F9B22FC0077CD8A /* TableViewCellEmpList.xib */; };
		E06FCFBE1F9673F800F931E6 /* square-xxl.jpg in Resources */ = {isa = PBXBuildFile; fileRef = E06FCF9D1F96531C00F931E6 /* square-xxl.jpg */; };
		E06FCFC01F96781000F931E6 /* ViewCameraController.swift in Sources */ = {isa = PBXBuildFile; fileRef = E06FCFBF1F96781000F931E6 /* ViewCameraController.swift */; };
		E073488A1F9DB78A00A1675E /* Date+CoreDataClass.swift in Sources */ = {isa = PBXBuildFile; fileRef = E07348821F9DB78A00A1675E /* Date+CoreDataClass.swift */; };
		E073488B1F9DB78A00A1675E /* Date+CoreDataProperties.swift in Sources */ = {isa = PBXBuildFile; fileRef = E07348831F9DB78A00A1675E /* Date+CoreDataProperties.swift */; };
		E073488C1F9DB78A00A1675E /* DataToExport+CoreDataClass.swift in Sources */ = {isa = PBXBuildFile; fileRef = E07348841F9DB78A00A1675E /* DataToExport+CoreDataClass.swift */; };
		E073488D1F9DB78A00A1675E /* DataToExport+CoreDataProperties.swift in Sources */ = {isa = PBXBuildFile; fileRef = E07348851F9DB78A00A1675E /* DataToExport+CoreDataProperties.swift */; };
		E073488E1F9DB78A00A1675E /* EmpList+CoreDataClass.swift in Sources */ = {isa = PBXBuildFile; fileRef = E07348861F9DB78A00A1675E /* EmpList+CoreDataClass.swift */; };
		E073488F1F9DB78A00A1675E /* EmpList+CoreDataProperties.swift in Sources */ = {isa = PBXBuildFile; fileRef = E07348871F9DB78A00A1675E /* EmpList+CoreDataProperties.swift */; };
		E07348901F9DB78A00A1675E /* Training+CoreDataClass.swift in Sources */ = {isa = PBXBuildFile; fileRef = E07348881F9DB78A00A1675E /* Training+CoreDataClass.swift */; };
		E07348911F9DB78A00A1675E /* Training+CoreDataProperties.swift in Sources */ = {isa = PBXBuildFile; fileRef = E07348891F9DB78A00A1675E /* Training+CoreDataProperties.swift */; };
		E07348941F9DB9D200A1675E /* PersistenceServce.swift in Sources */ = {isa = PBXBuildFile; fileRef = E07348931F9DB9D200A1675E /* PersistenceServce.swift */; };
		E08EF7541F97B89300D33156 /* TableViewCellTraining.swift in Sources */ = {isa = PBXBuildFile; fileRef = E08EF7531F97B89300D33156 /* TableViewCellTraining.swift */; };
		E08EF7551F97B9E600D33156 /* TableViewCellTraining.xib in Resources */ = {isa = PBXBuildFile; fileRef = E08EF7521F97B88700D33156 /* TableViewCellTraining.xib */; };
		E0E5F4511F93A6CE002A8CA3 /* AppDelegate.swift in Sources */ = {isa = PBXBuildFile; fileRef = E0E5F4501F93A6CE002A8CA3 /* AppDelegate.swift */; };
		E0E5F4531F93A6CE002A8CA3 /* ViewController.swift in Sources */ = {isa = PBXBuildFile; fileRef = E0E5F4521F93A6CE002A8CA3 /* ViewController.swift */; };
		E0E5F4561F93A6CE002A8CA3 /* Main.storyboard in Resources */ = {isa = PBXBuildFile; fileRef = E0E5F4541F93A6CE002A8CA3 /* Main.storyboard */; };
		E0E5F4581F93A6CE002A8CA3 /* Assets.xcassets in Resources */ = {isa = PBXBuildFile; fileRef = E0E5F4571F93A6CE002A8CA3 /* Assets.xcassets */; };
		E0E5F45B1F93A6CE002A8CA3 /* LaunchScreen.storyboard in Resources */ = {isa = PBXBuildFile; fileRef = E0E5F4591F93A6CE002A8CA3 /* LaunchScreen.storyboard */; };
/* End PBXBuildFile section */

/* Begin PBXFileReference section */
		E0200B0A1F9911A50063CE35 /* ViewControllerTrainingDate.swift */ = {isa = PBXFileReference; lastKnownFileType = sourcecode.swift; path = ViewControllerTrainingDate.swift; sourceTree = "<group>"; };
		E0292CA51F9CEBF600B9E1B8 /* ViewControllerWhatTime.swift */ = {isa = PBXFileReference; lastKnownFileType = sourcecode.swift; path = ViewControllerWhatTime.swift; sourceTree = "<group>"; };
		E0292CA81F9D06D600B9E1B8 /* Model.xcdatamodel */ = {isa = PBXFileReference; lastKnownFileType = wrapper.xcdatamodel; path = Model.xcdatamodel; sourceTree = "<group>"; };
		E06D6F581F9AE85C0077CD8A /* Center.swift */ = {isa = PBXFileReference; lastKnownFileType = sourcecode.swift; path = Center.swift; sourceTree = "<group>"; };
		E06D6F5A1F9B00FE0077CD8A /* ViewControllerEmpList.swift */ = {isa = PBXFileReference; lastKnownFileType = sourcecode.swift; path = ViewControllerEmpList.swift; sourceTree = "<group>"; };
		E06D6F5C1F9B22FC0077CD8A /* TableViewCellEmpList.swift */ = {isa = PBXFileReference; lastKnownFileType = sourcecode.swift; path = TableViewCellEmpList.swift; sourceTree = "<group>"; };
		E06D6F5D1F9B22FC0077CD8A /* TableViewCellEmpList.xib */ = {isa = PBXFileReference; lastKnownFileType = file.xib; path = TableViewCellEmpList.xib; sourceTree = "<group>"; };
		E06FCF9D1F96531C00F931E6 /* square-xxl.jpg */ = {isa = PBXFileReference; lastKnownFileType = image.jpeg; path = "square-xxl.jpg"; sourceTree = "<group>"; };
		E06FCFBF1F96781000F931E6 /* ViewCameraController.swift */ = {isa = PBXFileReference; lastKnownFileType = sourcecode.swift; path = ViewCameraController.swift; sourceTree = "<group>"; };
		E07348821F9DB78A00A1675E /* Date+CoreDataClass.swift */ = {isa = PBXFileReference; lastKnownFileType = sourcecode.swift; path = "Date+CoreDataClass.swift"; sourceTree = "<group>"; };
		E07348831F9DB78A00A1675E /* Date+CoreDataProperties.swift */ = {isa = PBXFileReference; lastKnownFileType = sourcecode.swift; path = "Date+CoreDataProperties.swift"; sourceTree = "<group>"; };
		E07348841F9DB78A00A1675E /* DataToExport+CoreDataClass.swift */ = {isa = PBXFileReference; lastKnownFileType = sourcecode.swift; path = "DataToExport+CoreDataClass.swift"; sourceTree = "<group>"; };
		E07348851F9DB78A00A1675E /* DataToExport+CoreDataProperties.swift */ = {isa = PBXFileReference; lastKnownFileType = sourcecode.swift; path = "DataToExport+CoreDataProperties.swift"; sourceTree = "<group>"; };
		E07348861F9DB78A00A1675E /* EmpList+CoreDataClass.swift */ = {isa = PBXFileReference; lastKnownFileType = sourcecode.swift; path = "EmpList+CoreDataClass.swift"; sourceTree = "<group>"; };
		E07348871F9DB78A00A1675E /* EmpList+CoreDataProperties.swift */ = {isa = PBXFileReference; lastKnownFileType = sourcecode.swift; path = "EmpList+CoreDataProperties.swift"; sourceTree = "<group>"; };
		E07348881F9DB78A00A1675E /* Training+CoreDataClass.swift */ = {isa = PBXFileReference; lastKnownFileType = sourcecode.swift; path = "Training+CoreDataClass.swift"; sourceTree = "<group>"; };
		E07348891F9DB78A00A1675E /* Training+CoreDataProperties.swift */ = {isa = PBXFileReference; lastKnownFileType = sourcecode.swift; path = "Training+CoreDataProperties.swift"; sourceTree = "<group>"; };
		E07348931F9DB9D200A1675E /* PersistenceServce.swift */ = {isa = PBXFileReference; lastKnownFileType = sourcecode.swift; path = PersistenceServce.swift; sourceTree = "<group>"; };
		E08EF7521F97B88700D33156 /* TableViewCellTraining.xib */ = {isa = PBXFileReference; lastKnownFileType = file.xib; path = TableViewCellTraining.xib; sourceTree = "<group>"; };
		E08EF7531F97B89300D33156 /* TableViewCellTraining.swift */ = {isa = PBXFileReference; lastKnownFileType = sourcecode.swift; path = TableViewCellTraining.swift; sourceTree = "<group>"; };
		E0E5F44D1F93A6CE002A8CA3 /* QRCode.app */ = {isa = PBXFileReference; explicitFileType = wrapper.application; includeInIndex = 0; path = QRCode.app; sourceTree = BUILT_PRODUCTS_DIR; };
		E0E5F4501F93A6CE002A8CA3 /* AppDelegate.swift */ = {isa = PBXFileReference; lastKnownFileType = sourcecode.swift; path = AppDelegate.swift; sourceTree = "<group>"; };
		E0E5F4521F93A6CE002A8CA3 /* ViewController.swift */ = {isa = PBXFileReference; lastKnownFileType = sourcecode.swift; path = ViewController.swift; sourceTree = "<group>"; };
		E0E5F4551F93A6CE002A8CA3 /* Base */ = {isa = PBXFileReference; lastKnownFileType = file.storyboard; name = Base; path = Base.lproj/Main.storyboard; sourceTree = "<group>"; };
		E0E5F4571F93A6CE002A8CA3 /* Assets.xcassets */ = {isa = PBXFileReference; lastKnownFileType = folder.assetcatalog; path = Assets.xcassets; sourceTree = "<group>"; };
		E0E5F45A1F93A6CE002A8CA3 /* Base */ = {isa = PBXFileReference; lastKnownFileType = file.storyboard; name = Base; path = Base.lproj/LaunchScreen.storyboard; sourceTree = "<group>"; };
		E0E5F45C1F93A6CE002A8CA3 /* Info.plist */ = {isa = PBXFileReference; lastKnownFileType = text.plist.xml; path = Info.plist; sourceTree = "<group>"; };
/* End PBXFileReference section */

/* Begin PBXFrameworksBuildPhase section */
		E0E5F44A1F93A6CE002A8CA3 /* Frameworks */ = {
			isa = PBXFrameworksBuildPhase;
			buildActionMask = 2147483647;
			files = (
			);
			runOnlyForDeploymentPostprocessing = 0;
		};
/* End PBXFrameworksBuildPhase section */

/* Begin PBXGroup section */
		E06FCFBD1F9656A900F931E6 /* img */ = {
			isa = PBXGroup;
			children = (
				E06FCF9D1F96531C00F931E6 /* square-xxl.jpg */,
			);
			path = img;
			sourceTree = "<group>";
		};
		E07348921F9DB7CD00A1675E /* Model */ = {
			isa = PBXGroup;
			children = (
				E07348821F9DB78A00A1675E /* Date+CoreDataClass.swift */,
				E07348831F9DB78A00A1675E /* Date+CoreDataProperties.swift */,
				E07348841F9DB78A00A1675E /* DataToExport+CoreDataClass.swift */,
				E07348851F9DB78A00A1675E /* DataToExport+CoreDataProperties.swift */,
				E07348861F9DB78A00A1675E /* EmpList+CoreDataClass.swift */,
				E07348871F9DB78A00A1675E /* EmpList+CoreDataProperties.swift */,
				E07348881F9DB78A00A1675E /* Training+CoreDataClass.swift */,
				E07348891F9DB78A00A1675E /* Training+CoreDataProperties.swift */,
			);
			path = Model;
			sourceTree = "<group>";
		};
		E0E5F4441F93A6CE002A8CA3 = {
			isa = PBXGroup;
			children = (
				E0E5F44F1F93A6CE002A8CA3 /* QRCode */,
				E0E5F44E1F93A6CE002A8CA3 /* Products */,
			);
			sourceTree = "<group>";
		};
		E0E5F44E1F93A6CE002A8CA3 /* Products */ = {
			isa = PBXGroup;
			children = (
				E0E5F44D1F93A6CE002A8CA3 /* QRCode.app */,
			);
			name = Products;
			sourceTree = "<group>";
		};
		E0E5F44F1F93A6CE002A8CA3 /* QRCode */ = {
			isa = PBXGroup;
			children = (
				E07348921F9DB7CD00A1675E /* Model */,
				E0E5F4501F93A6CE002A8CA3 /* AppDelegate.swift */,
				E0E5F4521F93A6CE002A8CA3 /* ViewController.swift */,
				E0E5F4541F93A6CE002A8CA3 /* Main.storyboard */,
				E0E5F4571F93A6CE002A8CA3 /* Assets.xcassets */,
				E06FCFBD1F9656A900F931E6 /* img */,
				E0E5F4591F93A6CE002A8CA3 /* LaunchScreen.storyboard */,
				E0E5F45C1F93A6CE002A8CA3 /* Info.plist */,
				E08EF7531F97B89300D33156 /* TableViewCellTraining.swift */,
				E08EF7521F97B88700D33156 /* TableViewCellTraining.xib */,
				E06FCFBF1F96781000F931E6 /* ViewCameraController.swift */,
				E0200B0A1F9911A50063CE35 /* ViewControllerTrainingDate.swift */,
				E06D6F581F9AE85C0077CD8A /* Center.swift */,
				E06D6F5A1F9B00FE0077CD8A /* ViewControllerEmpList.swift */,
				E06D6F5C1F9B22FC0077CD8A /* TableViewCellEmpList.swift */,
				E06D6F5D1F9B22FC0077CD8A /* TableViewCellEmpList.xib */,
				E0292CA51F9CEBF600B9E1B8 /* ViewControllerWhatTime.swift */,
				E0292CA71F9D06D600B9E1B8 /* Model.xcdatamodeld */,
				E07348931F9DB9D200A1675E /* PersistenceServce.swift */,
			);
			path = QRCode;
			sourceTree = "<group>";
		};
/* End PBXGroup section */

/* Begin PBXNativeTarget section */
		E0E5F44C1F93A6CE002A8CA3 /* QRCode */ = {
			isa = PBXNativeTarget;
			buildConfigurationList = E0E5F45F1F93A6CE002A8CA3 /* Build configuration list for PBXNativeTarget "QRCode" */;
			buildPhases = (
				E0E5F4491F93A6CE002A8CA3 /* Sources */,
				E0E5F44A1F93A6CE002A8CA3 /* Frameworks */,
				E0E5F44B1F93A6CE002A8CA3 /* Resources */,
			);
			buildRules = (
			);
			dependencies = (
			);
			name = QRCode;
			productName = QRCode;
			productReference = E0E5F44D1F93A6CE002A8CA3 /* QRCode.app */;
			productType = "com.apple.product-type.application";
		};
/* End PBXNativeTarget section */

/* Begin PBXProject section */
		E0E5F4451F93A6CE002A8CA3 /* Project object */ = {
			isa = PBXProject;
			attributes = {
				LastSwiftUpdateCheck = 0900;
				LastUpgradeCheck = 0900;
				ORGANIZATIONNAME = "Chutintron Suwannaklom";
				TargetAttributes = {
					E0E5F44C1F93A6CE002A8CA3 = {
						CreatedOnToolsVersion = 9.0;
						ProvisioningStyle = Automatic;
					};
				};
			};
			buildConfigurationList = E0E5F4481F93A6CE002A8CA3 /* Build configuration list for PBXProject "QRCode" */;
			compatibilityVersion = "Xcode 8.0";
			developmentRegion = en;
			hasScannedForEncodings = 0;
			knownRegions = (
				en,
				Base,
			);
			mainGroup = E0E5F4441F93A6CE002A8CA3;
			productRefGroup = E0E5F44E1F93A6CE002A8CA3 /* Products */;
			projectDirPath = "";
			projectRoot = "";
			targets = (
				E0E5F44C1F93A6CE002A8CA3 /* QRCode */,
			);
		};
/* End PBXProject section */

/* Begin PBXResourcesBuildPhase section */
		E0E5F44B1F93A6CE002A8CA3 /* Resources */ = {
			isa = PBXResourcesBuildPhase;
			buildActionMask = 2147483647;
			files = (
				E0E5F45B1F93A6CE002A8CA3 /* LaunchScreen.storyboard in Resources */,
				E06D6F5F1F9B22FC0077CD8A /* TableViewCellEmpList.xib in Resources */,
				E0E5F4581F93A6CE002A8CA3 /* Assets.xcassets in Resources */,
				E08EF7551F97B9E600D33156 /* TableViewCellTraining.xib in Resources */,
				E0E5F4561F93A6CE002A8CA3 /* Main.storyboard in Resources */,
				E06FCFBE1F9673F800F931E6 /* square-xxl.jpg in Resources */,
			);
			runOnlyForDeploymentPostprocessing = 0;
		};
/* End PBXResourcesBuildPhase section */

/* Begin PBXSourcesBuildPhase section */
		E0E5F4491F93A6CE002A8CA3 /* Sources */ = {
			isa = PBXSourcesBuildPhase;
			buildActionMask = 2147483647;
			files = (
				E0200B0B1F9911A50063CE35 /* ViewControllerTrainingDate.swift in Sources */,
				E06D6F5B1F9B00FE0077CD8A /* ViewControllerEmpList.swift in Sources */,
				E073488E1F9DB78A00A1675E /* EmpList+CoreDataClass.swift in Sources */,
				E0E5F4531F93A6CE002A8CA3 /* ViewController.swift in Sources */,
				E06D6F5E1F9B22FC0077CD8A /* TableViewCellEmpList.swift in Sources */,
				E07348911F9DB78A00A1675E /* Training+CoreDataProperties.swift in Sources */,
				E08EF7541F97B89300D33156 /* TableViewCellTraining.swift in Sources */,
				E073488B1F9DB78A00A1675E /* Date+CoreDataProperties.swift in Sources */,
				E073488D1F9DB78A00A1675E /* DataToExport+CoreDataProperties.swift in Sources */,
				E073488F1F9DB78A00A1675E /* EmpList+CoreDataProperties.swift in Sources */,
				E06FCFC01F96781000F931E6 /* ViewCameraController.swift in Sources */,
				E06D6F591F9AE85C0077CD8A /* Center.swift in Sources */,
				E0292CA91F9D06D600B9E1B8 /* Model.xcdatamodeld in Sources */,
				E07348941F9DB9D200A1675E /* PersistenceServce.swift in Sources */,
				E073488C1F9DB78A00A1675E /* DataToExport+CoreDataClass.swift in Sources */,
				E07348901F9DB78A00A1675E /* Training+CoreDataClass.swift in Sources */,
				E0292CA61F9CEBF600B9E1B8 /* ViewControllerWhatTime.swift in Sources */,
				E073488A1F9DB78A00A1675E /* Date+CoreDataClass.swift in Sources */,
				E0E5F4511F93A6CE002A8CA3 /* AppDelegate.swift in Sources */,
			);
			runOnlyForDeploymentPostprocessing = 0;
		};
/* End PBXSourcesBuildPhase section */

/* Begin PBXVariantGroup section */
		E0E5F4541F93A6CE002A8CA3 /* Main.storyboard */ = {
			isa = PBXVariantGroup;
			children = (
				E0E5F4551F93A6CE002A8CA3 /* Base */,
			);
			name = Main.storyboard;
			sourceTree = "<group>";
		};
		E0E5F4591F93A6CE002A8CA3 /* LaunchScreen.storyboard */ = {
			isa = PBXVariantGroup;
			children = (
				E0E5F45A1F93A6CE002A8CA3 /* Base */,
			);
			name = LaunchScreen.storyboard;
			sourceTree = "<group>";
		};
/* End PBXVariantGroup section */

/* Begin XCBuildConfiguration section */
		E0E5F45D1F93A6CE002A8CA3 /* Debug */ = {
			isa = XCBuildConfiguration;
			buildSettings = {
				ALWAYS_SEARCH_USER_PATHS = NO;
				CLANG_ANALYZER_NONNULL = YES;
				CLANG_ANALYZER_NUMBER_OBJECT_CONVERSION = YES_AGGRESSIVE;
				CLANG_CXX_LANGUAGE_STANDARD = "gnu++14";
				CLANG_CXX_LIBRARY = "libc++";
				CLANG_ENABLE_MODULES = YES;
				CLANG_ENABLE_OBJC_ARC = YES;
				CLANG_WARN_BLOCK_CAPTURE_AUTORELEASING = YES;
				CLANG_WARN_BOOL_CONVERSION = YES;
				CLANG_WARN_COMMA = YES;
				CLANG_WARN_CONSTANT_CONVERSION = YES;
				CLANG_WARN_DIRECT_OBJC_ISA_USAGE = YES_ERROR;
				CLANG_WARN_DOCUMENTATION_COMMENTS = YES;
				CLANG_WARN_EMPTY_BODY = YES;
				CLANG_WARN_ENUM_CONVERSION = YES;
				CLANG_WARN_INFINITE_RECURSION = YES;
				CLANG_WARN_INT_CONVERSION = YES;
				CLANG_WARN_NON_LITERAL_NULL_CONVERSION = YES;
				CLANG_WARN_OBJC_LITERAL_CONVERSION = YES;
				CLANG_WARN_OBJC_ROOT_CLASS = YES_ERROR;
				CLANG_WARN_RANGE_LOOP_ANALYSIS = YES;
				CLANG_WARN_STRICT_PROTOTYPES = YES;
				CLANG_WARN_SUSPICIOUS_MOVE = YES;
				CLANG_WARN_UNGUARDED_AVAILABILITY = YES_AGGRESSIVE;
				CLANG_WARN_UNREACHABLE_CODE = YES;
				CLANG_WARN__DUPLICATE_METHOD_MATCH = YES;
				CODE_SIGN_IDENTITY = "iPhone Developer";
				COPY_PHASE_STRIP = NO;
				DEBUG_INFORMATION_FORMAT = dwarf;
				ENABLE_STRICT_OBJC_MSGSEND = YES;
				ENABLE_TESTABILITY = YES;
				GCC_C_LANGUAGE_STANDARD = gnu11;
				GCC_DYNAMIC_NO_PIC = NO;
				GCC_NO_COMMON_BLOCKS = YES;
				GCC_OPTIMIZATION_LEVEL = 0;
				GCC_PREPROCESSOR_DEFINITIONS = (
					"DEBUG=1",
					"$(inherited)",
				);
				GCC_WARN_64_TO_32_BIT_CONVERSION = YES;
				GCC_WARN_ABOUT_RETURN_TYPE = YES_ERROR;
				GCC_WARN_UNDECLARED_SELECTOR = YES;
				GCC_WARN_UNINITIALIZED_AUTOS = YES_AGGRESSIVE;
				GCC_WARN_UNUSED_FUNCTION = YES;
				GCC_WARN_UNUSED_VARIABLE = YES;
				IPHONEOS_DEPLOYMENT_TARGET = 10.1;
				MTL_ENABLE_DEBUG_INFO = YES;
				ONLY_ACTIVE_ARCH = YES;
				SDKROOT = iphoneos11.0;
				SWIFT_ACTIVE_COMPILATION_CONDITIONS = DEBUG;
				SWIFT_OPTIMIZATION_LEVEL = "-Onone";
			};
			name = Debug;
		};
		E0E5F45E1F93A6CE002A8CA3 /* Release */ = {
			isa = XCBuildConfiguration;
			buildSettings = {
				ALWAYS_SEARCH_USER_PATHS = NO;
				CLANG_ANALYZER_NONNULL = YES;
				CLANG_ANALYZER_NUMBER_OBJECT_CONVERSION = YES_AGGRESSIVE;
				CLANG_CXX_LANGUAGE_STANDARD = "gnu++14";
				CLANG_CXX_LIBRARY = "libc++";
				CLANG_ENABLE_MODULES = YES;
				CLANG_ENABLE_OBJC_ARC = YES;
				CLANG_WARN_BLOCK_CAPTURE_AUTORELEASING = YES;
				CLANG_WARN_BOOL_CONVERSION = YES;
				CLANG_WARN_COMMA = YES;
				CLANG_WARN_CONSTANT_CONVERSION = YES;
				CLANG_WARN_DIRECT_OBJC_ISA_USAGE = YES_ERROR;
				CLANG_WARN_DOCUMENTATION_COMMENTS = YES;
				CLANG_WARN_EMPTY_BODY = YES;
				CLANG_WARN_ENUM_CONVERSION = YES;
				CLANG_WARN_INFINITE_RECURSION = YES;
				CLANG_WARN_INT_CONVERSION = YES;
				CLANG_WARN_NON_LITERAL_NULL_CONVERSION = YES;
				CLANG_WARN_OBJC_LITERAL_CONVERSION = YES;
				CLANG_WARN_OBJC_ROOT_CLASS = YES_ERROR;
				CLANG_WARN_RANGE_LOOP_ANALYSIS = YES;
				CLANG_WARN_STRICT_PROTOTYPES = YES;
				CLANG_WARN_SUSPICIOUS_MOVE = YES;
				CLANG_WARN_UNGUARDED_AVAILABILITY = YES_AGGRESSIVE;
				CLANG_WARN_UNREACHABLE_CODE = YES;
				CLANG_WARN__DUPLICATE_METHOD_MATCH = YES;
				CODE_SIGN_IDENTITY = "iPhone Developer";
				COPY_PHASE_STRIP = NO;
				DEBUG_INFORMATION_FORMAT = "dwarf-with-dsym";
				ENABLE_NS_ASSERTIONS = NO;
				ENABLE_STRICT_OBJC_MSGSEND = YES;
				GCC_C_LANGUAGE_STANDARD = gnu11;
				GCC_NO_COMMON_BLOCKS = YES;
				GCC_WARN_64_TO_32_BIT_CONVERSION = YES;
				GCC_WARN_ABOUT_RETURN_TYPE = YES_ERROR;
				GCC_WARN_UNDECLARED_SELECTOR = YES;
				GCC_WARN_UNINITIALIZED_AUTOS = YES_AGGRESSIVE;
				GCC_WARN_UNUSED_FUNCTION = YES;
				GCC_WARN_UNUSED_VARIABLE = YES;
				IPHONEOS_DEPLOYMENT_TARGET = 10.1;
				MTL_ENABLE_DEBUG_INFO = NO;
				SDKROOT = iphoneos11.0;
				SWIFT_OPTIMIZATION_LEVEL = "-Owholemodule";
				VALIDATE_PRODUCT = YES;
			};
			name = Release;
		};
		E0E5F4601F93A6CE002A8CA3 /* Debug */ = {
			isa = XCBuildConfiguration;
			buildSettings = {
				ASSETCATALOG_COMPILER_APPICON_NAME = AppIcon;
				CODE_SIGN_STYLE = Automatic;
				DEVELOPMENT_TEAM = RCRA3A55FF;
				INFOPLIST_FILE = QRCode/Info.plist;
				IPHONEOS_DEPLOYMENT_TARGET = 10.1;
				LD_RUNPATH_SEARCH_PATHS = "$(inherited) @executable_path/Frameworks";
				PRODUCT_BUNDLE_IDENTIFIER = com.teerapat.QRCode;
				PRODUCT_NAME = "$(TARGET_NAME)";
				SWIFT_VERSION = 4.0;
				TARGETED_DEVICE_FAMILY = "1,2";
			};
			name = Debug;
		};
		E0E5F4611F93A6CE002A8CA3 /* Release */ = {
			isa = XCBuildConfiguration;
			buildSettings = {
				ASSETCATALOG_COMPILER_APPICON_NAME = AppIcon;
				CODE_SIGN_STYLE = Automatic;
				DEVELOPMENT_TEAM = RCRA3A55FF;
				INFOPLIST_FILE = QRCode/Info.plist;
				IPHONEOS_DEPLOYMENT_TARGET = 10.1;
				LD_RUNPATH_SEARCH_PATHS = "$(inherited) @executable_path/Frameworks";
				PRODUCT_BUNDLE_IDENTIFIER = com.teerapat.QRCode;
				PRODUCT_NAME = "$(TARGET_NAME)";
				SWIFT_VERSION = 4.0;
				TARGETED_DEVICE_FAMILY = "1,2";
			};
			name = Release;
		};
/* End XCBuildConfiguration section */

/* Begin XCConfigurationList section */
		E0E5F4481F93A6CE002A8CA3 /* Build configuration list for PBXProject "QRCode" */ = {
			isa = XCConfigurationList;
			buildConfigurations = (
				E0E5F45D1F93A6CE002A8CA3 /* Debug */,
				E0E5F45E1F93A6CE002A8CA3 /* Release */,
			);
			defaultConfigurationIsVisible = 0;
			defaultConfigurationName = Release;
		};
		E0E5F45F1F93A6CE002A8CA3 /* Build configuration list for PBXNativeTarget "QRCode" */ = {
			isa = XCConfigurationList;
			buildConfigurations = (
				E0E5F4601F93A6CE002A8CA3 /* Debug */,
				E0E5F4611F93A6CE002A8CA3 /* Release */,
			);
			defaultConfigurationIsVisible = 0;
			defaultConfigurationName = Release;
		};
/* End XCConfigurationList section */

/* Begin XCVersionGroup section */
		E0292CA71F9D06D600B9E1B8 /* Model.xcdatamodeld */ = {
			isa = XCVersionGroup;
			children = (
				E0292CA81F9D06D600B9E1B8 /* Model.xcdatamodel */,
			);
			currentVersion = E0292CA81F9D06D600B9E1B8 /* Model.xcdatamodel */;
			path = Model.xcdatamodeld;
			sourceTree = "<group>";
			versionGroupType = wrapper.xcdatamodel;
		};
/* End XCVersionGroup section */
	};
	rootObject = E0E5F4451F93A6CE002A8CA3 /* Project object */;
}
